// !$*UTF8*$!
{
	archiveVersion = 1;
	classes = {
	};
	objectVersion = 46;
	objects = {

/* Begin PBXBuildFile section */
		6DCD89531E63097200F620D2 /* main.m in Sources */ = {isa = PBXBuildFile; fileRef = 6DCD89521E63097200F620D2 /* main.m */; };
		6DCD89561E63097200F620D2 /* AppDelegate.m in Sources */ = {isa = PBXBuildFile; fileRef = 6DCD89551E63097200F620D2 /* AppDelegate.m */; };
		6DCD89591E63097200F620D2 /* FirstViewController.m in Sources */ = {isa = PBXBuildFile; fileRef = 6DCD89581E63097200F620D2 /* FirstViewController.m */; };
		6DCD895C1E63097200F620D2 /* SecondViewController.m in Sources */ = {isa = PBXBuildFile; fileRef = 6DCD895B1E63097200F620D2 /* SecondViewController.m */; };
		6DCD895F1E63097200F620D2 /* Main.storyboard in Resources */ = {isa = PBXBuildFile; fileRef = 6DCD895D1E63097200F620D2 /* Main.storyboard */; };
		6DCD89611E63097200F620D2 /* Assets.xcassets in Resources */ = {isa = PBXBuildFile; fileRef = 6DCD89601E63097200F620D2 /* Assets.xcassets */; };
		6DCD89641E63097200F620D2 /* LaunchScreen.storyboard in Resources */ = {isa = PBXBuildFile; fileRef = 6DCD89621E63097200F620D2 /* LaunchScreen.storyboard */; };
/* End PBXBuildFile section */

/* Begin PBXContainerItemProxy section */
		6DCD89701E63098800F620D2 /* PBXContainerItemProxy */ = {
			isa = PBXContainerItemProxy;
			containerPortal = 6DCD896B1E63098700F620D2 /* ASHookIt.xcodeproj */;
			proxyType = 2;
			remoteGlobalIDString = 6DCD892B1E63091F00F620D2;
			remoteInfo = ASHookIt;
		};
		6DCD89721E63098800F620D2 /* PBXContainerItemProxy */ = {
			isa = PBXContainerItemProxy;
			containerPortal = 6DCD896B1E63098700F620D2 /* ASHookIt.xcodeproj */;
			proxyType = 2;
			remoteGlobalIDString = 6DCD89341E63091F00F620D2;
			remoteInfo = ASHookItTests;
		};
		6DCD89781E6309DA00F620D2 /* PBXContainerItemProxy */ = {
			isa = PBXContainerItemProxy;
			containerPortal = 6DCD896B1E63098700F620D2 /* ASHookIt.xcodeproj */;
			proxyType = 1;
			remoteGlobalIDString = 6DCD892A1E63091F00F620D2;
			remoteInfo = ASHookIt;
		};
/* End PBXContainerItemProxy section */

/* Begin PBXFileReference section */
		6DCD894E1E63097200F620D2 /* ASHookItDemo.app */ = {isa = PBXFileReference; explicitFileType = wrapper.application; includeInIndex = 0; path = ASHookItDemo.app; sourceTree = BUILT_PRODUCTS_DIR; };
		6DCD89521E63097200F620D2 /* main.m */ = {isa = PBXFileReference; lastKnownFileType = sourcecode.c.objc; path = main.m; sourceTree = "<group>"; };
		6DCD89541E63097200F620D2 /* AppDelegate.h */ = {isa = PBXFileReference; lastKnownFileType = sourcecode.c.h; path = AppDelegate.h; sourceTree = "<group>"; };
		6DCD89551E63097200F620D2 /* AppDelegate.m */ = {isa = PBXFileReference; lastKnownFileType = sourcecode.c.objc; path = AppDelegate.m; sourceTree = "<group>"; };
		6DCD89571E63097200F620D2 /* FirstViewController.h */ = {isa = PBXFileReference; lastKnownFileType = sourcecode.c.h; path = FirstViewController.h; sourceTree = "<group>"; };
		6DCD89581E63097200F620D2 /* FirstViewController.m */ = {isa = PBXFileReference; lastKnownFileType = sourcecode.c.objc; path = FirstViewController.m; sourceTree = "<group>"; };
		6DCD895A1E63097200F620D2 /* SecondViewController.h */ = {isa = PBXFileReference; lastKnownFileType = sourcecode.c.h; path = SecondViewController.h; sourceTree = "<group>"; };
		6DCD895B1E63097200F620D2 /* SecondViewController.m */ = {isa = PBXFileReference; lastKnownFileType = sourcecode.c.objc; path = SecondViewController.m; sourceTree = "<group>"; };
		6DCD895E1E63097200F620D2 /* Base */ = {isa = PBXFileReference; lastKnownFileType = file.storyboard; name = Base; path = Base.lproj/Main.storyboard; sourceTree = "<group>"; };
		6DCD89601E63097200F620D2 /* Assets.xcassets */ = {isa = PBXFileReference; lastKnownFileType = folder.assetcatalog; path = Assets.xcassets; sourceTree = "<group>"; };
		6DCD89631E63097200F620D2 /* Base */ = {isa = PBXFileReference; lastKnownFileType = file.storyboard; name = Base; path = Base.lproj/LaunchScreen.storyboard; sourceTree = "<group>"; };
		6DCD89651E63097200F620D2 /* Info.plist */ = {isa = PBXFileReference; lastKnownFileType = text.plist.xml; path = Info.plist; sourceTree = "<group>"; };
		6DCD896B1E63098700F620D2 /* ASHookIt.xcodeproj */ = {isa = PBXFileReference; lastKnownFileType = "wrapper.pb-project"; name = ASHookIt.xcodeproj; path = ../ASHookIt.xcodeproj; sourceTree = "<group>"; };
/* End PBXFileReference section */

/* Begin PBXFrameworksBuildPhase section */
		6DCD894B1E63097200F620D2 /* Frameworks */ = {
			isa = PBXFrameworksBuildPhase;
			buildActionMask = 2147483647;
			files = (
			);
			runOnlyForDeploymentPostprocessing = 0;
		};
/* End PBXFrameworksBuildPhase section */

/* Begin PBXGroup section */
		6DCD89451E63097200F620D2 = {
			isa = PBXGroup;
			children = (
				6DCD896B1E63098700F620D2 /* ASHookIt.xcodeproj */,
				6DCD89501E63097200F620D2 /* ASHookItDemo */,
				6DCD894F1E63097200F620D2 /* Products */,
			);
			sourceTree = "<group>";
		};
		6DCD894F1E63097200F620D2 /* Products */ = {
			isa = PBXGroup;
			children = (
				6DCD894E1E63097200F620D2 /* ASHookItDemo.app */,
			);
			name = Products;
			sourceTree = "<group>";
		};
		6DCD89501E63097200F620D2 /* ASHookItDemo */ = {
			isa = PBXGroup;
			children = (
				6DCD89541E63097200F620D2 /* AppDelegate.h */,
				6DCD89551E63097200F620D2 /* AppDelegate.m */,
				6DCD89571E63097200F620D2 /* FirstViewController.h */,
				6DCD89581E63097200F620D2 /* FirstViewController.m */,
				6DCD895A1E63097200F620D2 /* SecondViewController.h */,
				6DCD895B1E63097200F620D2 /* SecondViewController.m */,
				6DCD895D1E63097200F620D2 /* Main.storyboard */,
				6DCD89601E63097200F620D2 /* Assets.xcassets */,
				6DCD89621E63097200F620D2 /* LaunchScreen.storyboard */,
				6DCD89651E63097200F620D2 /* Info.plist */,
				6DCD89511E63097200F620D2 /* Supporting Files */,
			);
			path = ASHookItDemo;
			sourceTree = "<group>";
		};
		6DCD89511E63097200F620D2 /* Supporting Files */ = {
			isa = PBXGroup;
			children = (
				6DCD89521E63097200F620D2 /* main.m */,
			);
			name = "Supporting Files";
			sourceTree = "<group>";
		};
		6DCD896C1E63098700F620D2 /* Products */ = {
			isa = PBXGroup;
			children = (
				6DCD89711E63098800F620D2 /* ASHookIt.framework */,
				6DCD89731E63098800F620D2 /* ASHookItTests.xctest */,
			);
			name = Products;
			sourceTree = "<group>";
		};
/* End PBXGroup section */

/* Begin PBXNativeTarget section */
		6DCD894D1E63097200F620D2 /* ASHookItDemo */ = {
			isa = PBXNativeTarget;
			buildConfigurationList = 6DCD89681E63097200F620D2 /* Build configuration list for PBXNativeTarget "ASHookItDemo" */;
			buildPhases = (
				6DCD894A1E63097200F620D2 /* Sources */,
				6DCD894B1E63097200F620D2 /* Frameworks */,
				6DCD894C1E63097200F620D2 /* Resources */,
			);
			buildRules = (
			);
			dependencies = (
				6DCD89791E6309DA00F620D2 /* PBXTargetDependency */,
			);
			name = ASHookItDemo;
			productName = ASHookItDemo;
			productReference = 6DCD894E1E63097200F620D2 /* ASHookItDemo.app */;
			productType = "com.apple.product-type.application";
		};
/* End PBXNativeTarget section */

/* Begin PBXProject section */
		6DCD89461E63097200F620D2 /* Project object */ = {
			isa = PBXProject;
			attributes = {
				LastUpgradeCheck = 0820;
				ORGANIZATIONNAME = "Adam Szedelyi";
				TargetAttributes = {
					6DCD894D1E63097200F620D2 = {
						CreatedOnToolsVersion = 8.2.1;
						ProvisioningStyle = Automatic;
					};
				};
			};
			buildConfigurationList = 6DCD89491E63097200F620D2 /* Build configuration list for PBXProject "ASHookItDemo" */;
			compatibilityVersion = "Xcode 3.2";
			developmentRegion = English;
			hasScannedForEncodings = 0;
			knownRegions = (
				en,
				Base,
			);
			mainGroup = 6DCD89451E63097200F620D2;
			productRefGroup = 6DCD894F1E63097200F620D2 /* Products */;
			projectDirPath = "";
			projectReferences = (
				{
					ProductGroup = 6DCD896C1E63098700F620D2 /* Products */;
					ProjectRef = 6DCD896B1E63098700F620D2 /* ASHookIt.xcodeproj */;
				},
			);
			projectRoot = "";
			targets = (
				6DCD894D1E63097200F620D2 /* ASHookItDemo */,
			);
		};
/* End PBXProject section */

/* Begin PBXReferenceProxy section */
		6DCD89711E63098800F620D2 /* ASHookIt.framework */ = {
			isa = PBXReferenceProxy;
			fileType = wrapper.framework;
			path = ASHookIt.framework;
			remoteRef = 6DCD89701E63098800F620D2 /* PBXContainerItemProxy */;
			sourceTree = BUILT_PRODUCTS_DIR;
		};
		6DCD89731E63098800F620D2 /* ASHookItTests.xctest */ = {
			isa = PBXReferenceProxy;
			fileType = wrapper.cfbundle;
			path = ASHookItTests.xctest;
			remoteRef = 6DCD89721E63098800F620D2 /* PBXContainerItemProxy */;
			sourceTree = BUILT_PRODUCTS_DIR;
		};
/* End PBXReferenceProxy section */

/* Begin PBXResourcesBuildPhase section */
		6DCD894C1E63097200F620D2 /* Resources */ = {
			isa = PBXResourcesBuildPhase;
			buildActionMask = 2147483647;
			files = (
				6DCD89641E63097200F620D2 /* LaunchScreen.storyboard in Resources */,
				6DCD89611E63097200F620D2 /* Assets.xcassets in Resources */,
				6DCD895F1E63097200F620D2 /* Main.storyboard in Resources */,
			);
			runOnlyForDeploymentPostprocessing = 0;
		};
/* End PBXResourcesBuildPhase section */

/* Begin PBXSourcesBuildPhase section */
		6DCD894A1E63097200F620D2 /* Sources */ = {
			isa = PBXSourcesBuildPhase;
			buildActionMask = 2147483647;
			files = (
				6DCD895C1E63097200F620D2 /* SecondViewController.m in Sources */,
				6DCD89561E63097200F620D2 /* AppDelegate.m in Sources */,
				6DCD89591E63097200F620D2 /* FirstViewController.m in Sources */,
				6DCD89531E63097200F620D2 /* main.m in Sources */,
			);
			runOnlyForDeploymentPostprocessing = 0;
		};
/* End PBXSourcesBuildPhase section */

/* Begin PBXTargetDependency section */
		6DCD89791E6309DA00F620D2 /* PBXTargetDependency */ = {
			isa = PBXTargetDependency;
			name = ASHookIt;
			targetProxy = 6DCD89781E6309DA00F620D2 /* PBXContainerItemProxy */;
		};
/* End PBXTargetDependency section */

/* Begin PBXVariantGroup section */
		6DCD895D1E63097200F620D2 /* Main.storyboard */ = {
			isa = PBXVariantGroup;
			children = (
				6DCD895E1E63097200F620D2 /* Base */,
			);
			name = Main.storyboard;
			sourceTree = "<group>";
		};
		6DCD89621E63097200F620D2 /* LaunchScreen.storyboard */ = {
			isa = PBXVariantGroup;
			children = (
				6DCD89631E63097200F620D2 /* Base */,
			);
			name = LaunchScreen.storyboard;
			sourceTree = "<group>";
		};
/* End PBXVariantGroup section */

/* Begin XCBuildConfiguration section */
		6DCD89661E63097200F620D2 /* Debug */ = {
			isa = XCBuildConfiguration;
			buildSettings = {
				ALWAYS_SEARCH_USER_PATHS = NO;
				CLANG_ANALYZER_NONNULL = YES;
				CLANG_CXX_LANGUAGE_STANDARD = "gnu++0x";
				CLANG_CXX_LIBRARY = "libc++";
				CLANG_ENABLE_MODULES = YES;
				CLANG_ENABLE_OBJC_ARC = YES;
				CLANG_WARN_BOOL_CONVERSION = YES;
				CLANG_WARN_CONSTANT_CONVERSION = YES;
				CLANG_WARN_DIRECT_OBJC_ISA_USAGE = YES_ERROR;
				CLANG_WARN_DOCUMENTATION_COMMENTS = YES;
				CLANG_WARN_EMPTY_BODY = YES;
				CLANG_WARN_ENUM_CONVERSION = YES;
				CLANG_WARN_INFINITE_RECURSION = YES;
				CLANG_WARN_INT_CONVERSION = YES;
				CLANG_WARN_OBJC_ROOT_CLASS = YES_ERROR;
				CLANG_WARN_SUSPICIOUS_MOVE = YES;
				CLANG_WARN_UNREACHABLE_CODE = YES;
				CLANG_WARN__DUPLICATE_METHOD_MATCH = YES;
				"CODE_SIGN_IDENTITY[sdk=iphoneos*]" = "iPhone Developer";
				COPY_PHASE_STRIP = NO;
				DEBUG_INFORMATION_FORMAT = dwarf;
				ENABLE_STRICT_OBJC_MSGSEND = YES;
				ENABLE_TESTABILITY = YES;
				GCC_C_LANGUAGE_STANDARD = gnu99;
				GCC_DYNAMIC_NO_PIC = NO;
				GCC_NO_COMMON_BLOCKS = YES;
				GCC_OPTIMIZATION_LEVEL = 0;
				GCC_PREPROCESSOR_DEFINITIONS = (
					"DEBUG=1",
					"$(inherited)",
				);
				GCC_WARN_64_TO_32_BIT_CONVERSION = YES;
				GCC_WARN_ABOUT_RETURN_TYPE = YES_ERROR;
				GCC_WARN_UNDECLARED_SELECTOR = YES;
				GCC_WARN_UNINITIALIZED_AUTOS = YES_AGGRESSIVE;
				GCC_WARN_UNUSED_FUNCTION = YES;
				GCC_WARN_UNUSED_VARIABLE = YES;
				IPHONEOS_DEPLOYMENT_TARGET = 10.2;
				MTL_ENABLE_DEBUG_INFO = YES;
				ONLY_ACTIVE_ARCH = YES;
				SDKROOT = iphoneos;
				TARGETED_DEVICE_FAMILY = "1,2";
			};
			name = Debug;
		};
		6DCD89671E63097200F620D2 /* Release */ = {
			isa = XCBuildConfiguration;
			buildSettings = {
				ALWAYS_SEARCH_USER_PATHS = NO;
				CLANG_ANALYZER_NONNULL = YES;
				CLANG_CXX_LANGUAGE_STANDARD = "gnu++0x";
				CLANG_CXX_LIBRARY = "libc++";
				CLANG_ENABLE_MODULES = YES;
				CLANG_ENABLE_OBJC_ARC = YES;
				CLANG_WARN_BOOL_CONVERSION = YES;
				CLANG_WARN_CONSTANT_CONVERSION = YES;
				CLANG_WARN_DIRECT_OBJC_ISA_USAGE = YES_ERROR;
				CLANG_WARN_DOCUMENTATION_COMMENTS = YES;
				CLANG_WARN_EMPTY_BODY = YES;
				CLANG_WARN_ENUM_CONVERSION = YES;
				CLANG_WARN_INFINITE_RECURSION = YES;
				CLANG_WARN_INT_CONVERSION = YES;
				CLANG_WARN_OBJC_ROOT_CLASS = YES_ERROR;
				CLANG_WARN_SUSPICIOUS_MOVE = YES;
				CLANG_WARN_UNREACHABLE_CODE = YES;
				CLANG_WARN__DUPLICATE_METHOD_MATCH = YES;
				"CODE_SIGN_IDENTITY[sdk=iphoneos*]" = "iPhone Developer";
				COPY_PHASE_STRIP = NO;
				DEBUG_INFORMATION_FORMAT = "dwarf-with-dsym";
				ENABLE_NS_ASSERTIONS = NO;
				ENABLE_STRICT_OBJC_MSGSEND = YES;
				GCC_C_LANGUAGE_STANDARD = gnu99;
				GCC_NO_COMMON_BLOCKS = YES;
				GCC_WARN_64_TO_32_BIT_CONVERSION = YES;
				GCC_WARN_ABOUT_RETURN_TYPE = YES_ERROR;
				GCC_WARN_UNDECLARED_SELECTOR = YES;
				GCC_WARN_UNINITIALIZED_AUTOS = YES_AGGRESSIVE;
				GCC_WARN_UNUSED_FUNCTION = YES;
				GCC_WARN_UNUSED_VARIABLE = YES;
				IPHONEOS_DEPLOYMENT_TARGET = 10.2;
				MTL_ENABLE_DEBUG_INFO = NO;
				SDKROOT = iphoneos;
				TARGETED_DEVICE_FAMILY = "1,2";
				VALIDATE_PRODUCT = YES;
			};
			name = Release;
		};
		6DCD89691E63097200F620D2 /* Debug */ = {
			isa = XCBuildConfiguration;
			buildSettings = {
				ASSETCATALOG_COMPILER_APPICON_NAME = AppIcon;
				INFOPLIST_FILE = ASHookItDemo/Info.plist;
				LD_RUNPATH_SEARCH_PATHS = "$(inherited) @executable_path/Frameworks";
				PRODUCT_BUNDLE_IDENTIFIER = com.adamszedelyi.ASHookItDemo;
				PRODUCT_NAME = "$(TARGET_NAME)";
			};
			name = Debug;
		};
		6DCD896A1E63097200F620D2 /* Release */ = {
			isa = XCBuildConfiguration;
			buildSettings = {
				ASSETCATALOG_COMPILER_APPICON_NAME = AppIcon;
				INFOPLIST_FILE = ASHookItDemo/Info.plist;
				LD_RUNPATH_SEARCH_PATHS = "$(inherited) @executable_path/Frameworks";
				PRODUCT_BUNDLE_IDENTIFIER = com.adamszedelyi.ASHookItDemo;
				PRODUCT_NAME = "$(TARGET_NAME)";
			};
			name = Release;
		};
/* End XCBuildConfiguration section */

/* Begin XCConfigurationList section */
		6DCD89491E63097200F620D2 /* Build configuration list for PBXProject "ASHookItDemo" */ = {
			isa = XCConfigurationList;
			buildConfigurations = (
				6DCD89661E63097200F620D2 /* Debug */,
				6DCD89671E63097200F620D2 /* Release */,
			);
			defaultConfigurationIsVisible = 0;
			defaultConfigurationName = Release;
		};
		6DCD89681E63097200F620D2 /* Build configuration list for PBXNativeTarget "ASHookItDemo" */ = {
			isa = XCConfigurationList;
			buildConfigurations = (
				6DCD89691E63097200F620D2 /* Debug */,
				6DCD896A1E63097200F620D2 /* Release */,
			);
			defaultConfigurationIsVisible = 0;
			defaultConfigurationName = Release;
		};
/* End XCConfigurationList section */
	};
	rootObject = 6DCD89461E63097200F620D2 /* Project object */;
}
